{
  "requires": true,
  "lockfileVersion": 1,
  "dependencies": {
    "@material/animation": {
      "version": "0.25.0",
      "resolved": "https://registry.npmjs.org/@material/animation/-/animation-0.25.0.tgz",
      "integrity": "sha512-4RzlpMwJtMnQ3/rNf4zpG9qnoQcCkYiRs6U515MRQzv7qFl1eCZx3U3dGaUu7UVf3Hwx4RskUB/fBxGc0b61CQ=="
    },
    "@material/auto-init": {
      "version": "0.25.0",
      "resolved": "https://registry.npmjs.org/@material/auto-init/-/auto-init-0.25.0.tgz",
      "integrity": "sha512-5nZOslGcZUczKXfMPBze5fgAb3OAmoeGxm3h6x3QLZP7FMXgyRpofH6AGw5oDIiXmvSM8r2+sduwW9OfgMlTMA=="
    },
    "@material/base": {
      "version": "0.24.0",
      "resolved": "https://registry.npmjs.org/@material/base/-/base-0.24.0.tgz",
      "integrity": "sha512-RG1SbHl6M8a0fdrMAoMm7Fc8jkuj3HhZd0f8Dy5kfUtQk3I7PyzD+MLCrmCHgUAlKbcK2J9VxJWpd4isZr3x9w=="
    },
    "@material/button": {
      "version": "0.25.0",
      "resolved": "https://registry.npmjs.org/@material/button/-/button-0.25.0.tgz",
      "integrity": "sha512-9nEjKYJ5WCA6vKSs78H2tApxYbiW4xU6cANOmBAS8tMJLQRl3EeWEqFSeVZpThQNeK4xamS6bui3NzDK14yYQg==",
      "requires": {
        "@material/elevation": "0.25.0",
        "@material/ripple": "0.25.0",
        "@material/theme": "0.25.0",
        "@material/typography": "0.3.0"
      }
    },
    "@material/card": {
      "version": "0.25.0",
      "resolved": "https://registry.npmjs.org/@material/card/-/card-0.25.0.tgz",
      "integrity": "sha512-vpNXUj90uBqf0UlEqw8yDS6X9a5y5QGu+8sQznQLrLfXVKRXzMVix25QDdV5MF1lJoAeLzmWGC/jRBeVN2i0fw==",
      "requires": {
        "@material/elevation": "0.25.0",
        "@material/rtl": "0.1.8",
        "@material/theme": "0.25.0",
        "@material/typography": "0.3.0"
      }
    },
    "@material/checkbox": {
      "version": "0.25.0",
      "resolved": "https://registry.npmjs.org/@material/checkbox/-/checkbox-0.25.0.tgz",
      "integrity": "sha512-7hqtKhm0kZ85Bd8XRFafiNlMl/YKkR6dYz/ZmtSHQQtUqPjsCM7wn7Z0lPwcXvhF1TIMReTM5QC/9iUtrKaJuw==",
      "requires": {
        "@material/animation": "0.25.0",
        "@material/base": "0.24.0",
        "@material/ripple": "0.25.0",
        "@material/rtl": "0.1.8",
        "@material/selection-control": "0.25.0",
        "@material/theme": "0.25.0"
      }
    },
    "@material/dialog": {
      "version": "0.25.0",
      "resolved": "https://registry.npmjs.org/@material/dialog/-/dialog-0.25.0.tgz",
      "integrity": "sha512-1cX65HIzNaHzefWp6CLv4JcHiar0yUyAsYytAPEV5PevNP0s0nioZi+jVBDJN3Z2M2bOHV3Q+qqtzdVSHXRm0g==",
      "requires": {
        "@material/animation": "0.25.0",
        "@material/base": "0.24.0",
        "@material/elevation": "0.25.0",
        "@material/ripple": "0.25.0",
        "@material/rtl": "0.1.8",
        "@material/theme": "0.25.0",
        "@material/typography": "0.1.1",
        "focus-trap": "2.3.1"
      },
      "dependencies": {
        "@material/typography": {
          "version": "0.1.1",
          "resolved": "https://registry.npmjs.org/@material/typography/-/typography-0.1.1.tgz",
          "integrity": "sha1-+y40N70yhNOen7kUhXZ63msr0ME="
        }
      }
    },
    "@material/drawer": {
      "version": "0.25.0",
      "resolved": "https://registry.npmjs.org/@material/drawer/-/drawer-0.25.0.tgz",
      "integrity": "sha512-P7GFL8ifizTeFaHvEnK625d6gzzyNTGYHKzw38EittGwkeGU93TdbGqc9qrb3mO/rge+xmy7Y0tc+GtqQ5gTMg==",
      "requires": {
        "@material/animation": "0.25.0",
        "@material/base": "0.24.0",
        "@material/elevation": "0.25.0",
        "@material/rtl": "0.1.8",
        "@material/theme": "0.25.0",
        "@material/typography": "0.3.0"
      }
    },
    "@material/elevation": {
      "version": "0.25.0",
      "resolved": "https://registry.npmjs.org/@material/elevation/-/elevation-0.25.0.tgz",
      "integrity": "sha512-3TU+Far+D7qo8UqghRIRPp2riXV457L2bULiv+KY9WglWR5eyX3l1BfApgEbza+ltZCVcbrtiTcRVpCI18zIqA==",
      "requires": {
        "@material/animation": "0.25.0",
        "@material/theme": "0.4.0"
      },
      "dependencies": {
        "@material/theme": {
          "version": "0.4.0",
          "resolved": "https://registry.npmjs.org/@material/theme/-/theme-0.4.0.tgz",
          "integrity": "sha1-Cu8aAnm2XBWZBYT7i47KCVxzRkE="
        }
      }
    },
    "@material/fab": {
      "version": "0.25.0",
      "resolved": "https://registry.npmjs.org/@material/fab/-/fab-0.25.0.tgz",
      "integrity": "sha512-Q0BkIWXHVu6f/80Y1HzDPILkmwrLHiE0R1ID0nal1VX5WwKAwSih+DIrqbytOeV8d80WpiiROx7VakGi65uK7g==",
      "requires": {
        "@material/animation": "0.25.0",
        "@material/elevation": "0.25.0",
        "@material/ripple": "0.25.0",
        "@material/theme": "0.25.0"
      }
    },
    "@material/form-field": {
      "version": "0.25.0",
      "resolved": "https://registry.npmjs.org/@material/form-field/-/form-field-0.25.0.tgz",
      "integrity": "sha512-IW8tbp4T/IT1hctKnDozq5SpnSdo5i7ChuG2cOfQoqHzM59/441VSil6fDPBNOSC+1XHBnoJ2sV8LRFK3PbsIQ==",
      "requires": {
        "@material/base": "0.24.0",
        "@material/rtl": "0.1.8",
        "@material/selection-control": "0.25.0",
        "@material/theme": "0.25.0",
        "@material/typography": "0.3.0"
      }
    },
    "@material/grid-list": {
      "version": "0.25.0",
      "resolved": "https://registry.npmjs.org/@material/grid-list/-/grid-list-0.25.0.tgz",
      "integrity": "sha512-oBZd9B3+9VWqpZxoQ2TweeGjAdzl8b6pPtcCgi7lZN6iR2qIZgNqm7+UYwKKCJ9/YtL3YTqFxT9piRE4V+cWKA==",
      "requires": {
        "@material/base": "0.24.0",
        "@material/rtl": "0.1.8",
        "@material/theme": "0.25.0",
        "@material/typography": "0.3.0"
      }
    },
    "@material/icon-toggle": {
      "version": "0.25.0",
      "resolved": "https://registry.npmjs.org/@material/icon-toggle/-/icon-toggle-0.25.0.tgz",
      "integrity": "sha512-oTuTmIEnscU8IVuqP/5qQDHSdzAXiQFnUjcPGkBcevdy/Yc7Lpo3ckm1F5ue4Nm3bdJyE/y2RDRlbYjZyFKTYg==",
      "requires": {
        "@material/animation": "0.25.0",
        "@material/base": "0.24.0",
        "@material/ripple": "0.25.0",
        "@material/theme": "0.25.0"
      }
    },
    "@material/layout-grid": {
      "version": "0.24.0",
      "resolved": "https://registry.npmjs.org/@material/layout-grid/-/layout-grid-0.24.0.tgz",
      "integrity": "sha512-38Si5CQgRkQwTSVb+lfCZkH8QEe1/HWfj2yNmK5OIFRMBFbSjQRsvf3p+aU1R7fM4TDjNKcgUWqRtBnKuUjNCQ=="
    },
    "@material/linear-progress": {
      "version": "0.25.0",
      "resolved": "https://registry.npmjs.org/@material/linear-progress/-/linear-progress-0.25.0.tgz",
      "integrity": "sha512-HuXik01tDbKWZvym7T6savELmbtKnkK6E9YpNFejIVGjlv/HUrISGgwXUqV6rHdGvttVi0OmIt+nvD5Dd+z33A==",
      "requires": {
        "@material/animation": "0.25.0",
        "@material/base": "0.24.0",
        "@material/theme": "0.25.0"
      }
    },
    "@material/list": {
      "version": "0.25.0",
      "resolved": "https://registry.npmjs.org/@material/list/-/list-0.25.0.tgz",
      "integrity": "sha512-N+7t5sOv5Qkvrn1DuNCsdrCcUsl/Wr+oe3FeWKzhtep9KOj2bvKHOp/ypWEn0+kqKRuPTYX/3skrhVzukcmz5g==",
      "requires": {
        "@material/ripple": "0.25.0",
        "@material/rtl": "0.1.8",
        "@material/theme": "0.25.0",
        "@material/typography": "0.3.0"
      }
    },
    "@material/menu": {
      "version": "0.25.0",
      "resolved": "https://registry.npmjs.org/@material/menu/-/menu-0.25.0.tgz",
      "integrity": "sha512-PpmmQBs0Qh9cPp8wel5iJ56tJfXXVPTIHB6CchY1kd9EBe+k+N7E/ziZRI3aDd1FQqu+q8/CHhqv0s7ac5yviA==",
      "requires": {
        "@material/animation": "0.25.0",
        "@material/base": "0.24.0",
        "@material/elevation": "0.25.0",
        "@material/theme": "0.25.0",
        "@material/typography": "0.3.0"
      }
    },
    "@material/radio": {
      "version": "0.25.0",
      "resolved": "https://registry.npmjs.org/@material/radio/-/radio-0.25.0.tgz",
      "integrity": "sha512-VJHOHiaLjtIP+iYxMKMaRK9U937rClD9VXVG9LEseLQehwUGsrSgrXZrAuxDbJUUI74rj306fQyjUTIc3lsFtA==",
      "requires": {
        "@material/animation": "0.25.0",
        "@material/base": "0.24.0",
        "@material/ripple": "0.25.0",
        "@material/selection-control": "0.25.0",
        "@material/theme": "0.25.0"
      }
    },
    "@material/ripple": {
      "version": "0.25.0",
      "resolved": "https://registry.npmjs.org/@material/ripple/-/ripple-0.25.0.tgz",
      "integrity": "sha512-/yRbOIFwisNejPMXiRyFm1onmzOyAWMAomYa5ntA/YTeOg+fUQF1d0Xf531rJI4Vl8P+Hqzd3BHX+LUxxaJhqg==",
      "requires": {
        "@material/base": "0.24.0",
        "@material/theme": "0.25.0"
      }
    },
    "@material/rtl": {
      "version": "0.1.8",
      "resolved": "https://registry.npmjs.org/@material/rtl/-/rtl-0.1.8.tgz",
      "integrity": "sha512-NzBobwxvhJg+dch99pVO+Z9HL1DM+esuIy5WYXgM7trfOVh8n9DkVo5vD/NKnDy6F5wCaRnJOI5T19Tev6c9Zw=="
    },
    "@material/select": {
      "version": "0.25.0",
      "resolved": "https://registry.npmjs.org/@material/select/-/select-0.25.0.tgz",
      "integrity": "sha512-N4ZvhOl84Tjz+nJEXS9J73SHQ+TUL9BImhHX43A3tYpU7/o+AXVkTqt+mmpTDAadGWWma0mb/7lkJ3Cw4Nk+Hg==",
      "requires": {
        "@material/animation": "0.25.0",
        "@material/base": "0.24.0",
        "@material/list": "0.25.0",
        "@material/menu": "0.25.0",
        "@material/rtl": "0.1.8",
        "@material/theme": "0.25.0",
        "@material/typography": "0.3.0"
      }
    },
    "@material/selection-control": {
      "version": "0.25.0",
      "resolved": "https://registry.npmjs.org/@material/selection-control/-/selection-control-0.25.0.tgz",
      "integrity": "sha512-16xyiOP5a0q55YwCJbUy/B76cx5WQxhLf1ZX7w80ogtbrMnAsypGinW6BlPhG9KKZ3uNdxpCcXcCQF0mPsv6fw==",
      "requires": {
        "@material/ripple": "0.25.0"
      }
    },
    "@material/slider": {
      "version": "0.25.0",
      "resolved": "https://registry.npmjs.org/@material/slider/-/slider-0.25.0.tgz",
      "integrity": "sha512-arjfJBJ6W3yYfGzoiRV3CQELqsQs/AZ6zO1eEBMtUFXXl1frL1g02t0qhNC1AaFs+4hzQEX4bFECE6pGeT83mw==",
      "requires": {
        "@material/animation": "0.25.0",
        "@material/base": "0.24.0",
        "@material/rtl": "0.1.8",
        "@material/theme": "0.25.0"
      }
    },
    "@material/snackbar": {
      "version": "0.25.0",
      "resolved": "https://registry.npmjs.org/@material/snackbar/-/snackbar-0.25.0.tgz",
      "integrity": "sha512-fpcXBsme7jKbE+VJD1ifPzw3ix7HY2bPIf0FSQ2vbmmVc+PlDUHU+lSCGWHn8BdBbA4adgu0P084EidHK2q+EA==",
      "requires": {
        "@material/animation": "0.25.0",
        "@material/base": "0.24.0",
        "@material/rtl": "0.1.8",
        "@material/theme": "0.25.0",
        "@material/typography": "0.3.0"
      }
    },
    "@material/switch": {
      "version": "0.25.0",
      "resolved": "https://registry.npmjs.org/@material/switch/-/switch-0.25.0.tgz",
      "integrity": "sha512-FvjWlv+dtZG5bkJ+H+BREw4y0L/C2kT4qJGX1+Uaw9fl+Yz8j9SL8V27q2d7i/xtZIADHsFUxbBsPiqzvOM4ig==",
      "requires": {
        "@material/animation": "0.25.0",
        "@material/elevation": "0.25.0",
        "@material/theme": "0.25.0"
      }
    },
    "@material/tabs": {
      "version": "0.25.0",
      "resolved": "https://registry.npmjs.org/@material/tabs/-/tabs-0.25.0.tgz",
      "integrity": "sha512-4zVjS8VJAKEqVadmHbzy7wkEydbu2Ap+ee8nVL/6yYx2sjGHRrh8ZGOLjk6Ji5Ycz7FtzTe4dV1MqF3MTfoGzA==",
      "requires": {
        "@material/animation": "0.25.0",
        "@material/base": "0.24.0",
        "@material/ripple": "0.25.0",
        "@material/rtl": "0.1.8",
        "@material/theme": "0.25.0",
        "@material/typography": "0.3.0"
      }
    },
    "@material/textfield": {
      "version": "0.25.0",
      "resolved": "https://registry.npmjs.org/@material/textfield/-/textfield-0.25.0.tgz",
      "integrity": "sha512-FMxQ9qvczciuIYRAqEeFskMLu3lepOhAsd1AXlv5MrHNmFJjluvy90EjBp3SN20CzWYBTqS3SCYKnd3mHCGHTg==",
      "requires": {
        "@material/animation": "0.25.0",
        "@material/base": "0.24.0",
        "@material/ripple": "0.25.0",
        "@material/rtl": "0.1.8",
        "@material/theme": "0.25.0",
        "@material/typography": "0.3.0"
      }
    },
    "@material/theme": {
      "version": "0.25.0",
      "resolved": "https://registry.npmjs.org/@material/theme/-/theme-0.25.0.tgz",
      "integrity": "sha512-12JyZlMStatIecXFfiQrEQb0BBVJOCm4cl54j/R3VkOehcIsvG9Z9Y42AJ/DlyRlbQ7J3rkdevf6c5osQXZvKA=="
    },
    "@material/toolbar": {
      "version": "0.25.0",
      "resolved": "https://registry.npmjs.org/@material/toolbar/-/toolbar-0.25.0.tgz",
      "integrity": "sha512-KwYe0RfA0KwGKepnZHQASM7JU2V3HtlsQMD4K/FlA5J87Zf9DrNRIlF59hmi98KGeYbkv5Z/gz4l/gVh/c4tJw==",
      "requires": {
        "@material/base": "0.24.0",
        "@material/elevation": "0.25.0",
        "@material/rtl": "0.1.8",
        "@material/theme": "0.25.0",
        "@material/typography": "0.3.0"
      }
    },
    "@material/typography": {
      "version": "0.3.0",
      "resolved": "https://registry.npmjs.org/@material/typography/-/typography-0.3.0.tgz",
      "integrity": "sha1-+CjC0yFb/WbFgHJwm0JgxkElOQo="
    },
    "codemirror": {
      "version": "5.31.0",
      "resolved": "https://registry.npmjs.org/codemirror/-/codemirror-5.31.0.tgz",
      "integrity": "sha512-LKbMZKoAz7pMmWuSEl253G6yyloSulj1kXfvYv+3n3I8wMiI7QwnCHwKM3Zw5S9ItNV28Layq0/ihQXWmn9T9w=="
    },
    "focus-trap": {
      "version": "2.3.1",
      "resolved": "https://registry.npmjs.org/focus-trap/-/focus-trap-2.3.1.tgz",
      "integrity": "sha512-DR30Bcd5NqNaP1Pb3OsIEe/C1FaWqjxrjDUP6CCglF2N5e+ySDzmFCNEqJAQaskQttlJ1DAgWbVMlOXh4Etb8A==",
      "requires": {
        "tabbable": "1.1.1"
      }
    },
    "material-components-web": {
      "version": "0.25.0",
      "resolved": "https://registry.npmjs.org/material-components-web/-/material-components-web-0.25.0.tgz",
      "integrity": "sha512-qCc0Sv83rO+Q0288FvLUhEpQaZOlqESXXziD5EuxsapdzkkGd9teynraWZlRFB2HABVPdWjbwAIR/i37va7zAw==",
      "requires": {
        "@material/animation": "0.25.0",
        "@material/auto-init": "0.25.0",
        "@material/base": "0.24.0",
        "@material/button": "0.25.0",
        "@material/card": "0.25.0",
        "@material/checkbox": "0.25.0",
        "@material/dialog": "0.25.0",
        "@material/drawer": "0.25.0",
        "@material/elevation": "0.25.0",
        "@material/fab": "0.25.0",
        "@material/form-field": "0.25.0",
        "@material/grid-list": "0.25.0",
        "@material/icon-toggle": "0.25.0",
        "@material/layout-grid": "0.24.0",
        "@material/linear-progress": "0.25.0",
        "@material/list": "0.25.0",
        "@material/menu": "0.25.0",
        "@material/radio": "0.25.0",
        "@material/ripple": "0.25.0",
        "@material/rtl": "0.1.8",
        "@material/select": "0.25.0",
        "@material/selection-control": "0.25.0",
        "@material/slider": "0.25.0",
        "@material/snackbar": "0.25.0",
        "@material/switch": "0.25.0",
        "@material/tabs": "0.25.0",
        "@material/textfield": "0.25.0",
        "@material/theme": "0.25.0",
        "@material/toolbar": "0.25.0",
        "@material/typography": "0.3.0"
      }
    },
    "tabbable": {
      "version": "1.1.1",
      "resolved": "https://registry.npmjs.org/tabbable/-/tabbable-1.1.1.tgz",
      "integrity": "sha512-YnbzANAozgzJtFN9aSk4A1Ya3Z+yMh2GkrBa9AT3Bi4SF9z+iHmT8MoY/5bJL1h1aDYo+CPbAUR7qMx+LSxQgA=="
    }
  }
}
